{
  "originHash" : "ada7542b0add721b30ac3d40058807886262c7b6b5de768eadec3bdc0a28e417",
  "pins" : [
    {
      "identity" : "swift-syntax",
      "kind" : "remoteSourceControl",
      "location" : "https://github.com/apple/swift-syntax.git",
      "state" : {
        "revision" : "2bc86522d115234d1f588efe2bcb4ce4be8f8b82",
        "version" : "510.0.3"
      }
    },
    {
      "identity" : "swift-testing",
      "kind" : "remoteSourceControl",
      "location" : "https://github.com/apple/swift-testing.git",
      "state" : {
        "revision" : "97d1f8a4e91794ec6bbf1ecb252ab31b1e255052",
        "version" : "0.7.0"
      }
    }
  ],
  "version" : 3
}
