// !$*UTF8*$!
{
	archiveVersion = 1;
	classes = {
	};
	objectVersion = 77;
	objects = {

/* Begin PBXBuildFile section */
		5091E1F93B320FD241845B7C /* EulerLiveUIExampleApp.swift in Sources */ = {isa = PBXBuildFile; fileRef = 651B927D9B8DAFCECEA30F92 /* EulerLiveUIExampleApp.swift */; };
		516541225DA55F0FA32F5E1C /* EulerLiveUI in Frameworks */ = {isa = PBXBuildFile; productRef = 14454DE34C0A32B31BDAC695 /* EulerLiveUI */; };
		948D7EDE4802A49F2AB283DD /* RootDemoView.swift in Sources */ = {isa = PBXBuildFile; fileRef = 16E8C696F4E6886335522601 /* RootDemoView.swift */; };
		A30F4C7815B5C1AE46245510 /* DemoFixtures.swift in Sources */ = {isa = PBXBuildFile; fileRef = DAC48134FA1BA04C6D80856B /* DemoFixtures.swift */; };
/* End PBXBuildFile section */

/* Begin PBXFileReference section */
		16E8C696F4E6886335522601 /* RootDemoView.swift */ = {isa = PBXFileReference; lastKnownFileType = sourcecode.swift; path = RootDemoView.swift; sourceTree = "<group>"; };
		34F22F0FE0B22F45106FBC20 /* EulerLiveUI */ = {isa = PBXFileReference; lastKnownFileType = folder; name = EulerLiveUI; path = ../..; sourceTree = SOURCE_ROOT; };
		49667EB294D880D48B2F794C /* EulerLiveUIExampleApp.app */ = {isa = PBXFileReference; explicitFileType = wrapper.application; includeInIndex = 0; path = EulerLiveUIExampleApp.app; sourceTree = BUILT_PRODUCTS_DIR; };
		651B927D9B8DAFCECEA30F92 /* EulerLiveUIExampleApp.swift */ = {isa = PBXFileReference; lastKnownFileType = sourcecode.swift; path = EulerLiveUIExampleApp.swift; sourceTree = "<group>"; };
		DAC48134FA1BA04C6D80856B /* DemoFixtures.swift */ = {isa = PBXFileReference; lastKnownFileType = sourcecode.swift; path = DemoFixtures.swift; sourceTree = "<group>"; };
/* End PBXFileReference section */

/* Begin PBXFrameworksBuildPhase section */
		E4D755151DD5DAA9F37DD3F8 /* Frameworks */ = {
			isa = PBXFrameworksBuildPhase;
			buildActionMask = 2147483647;
			files = (
				516541225DA55F0FA32F5E1C /* EulerLiveUI in Frameworks */,
			);
			runOnlyForDeploymentPostprocessing = 0;
		};
/* End PBXFrameworksBuildPhase section */

/* Begin PBXGroup section */
		5087977170ECC7E1AFD95C67 /* Packages */ = {
			isa = PBXGroup;
			children = (
				34F22F0FE0B22F45106FBC20 /* EulerLiveUI */,
			);
			name = Packages;
			sourceTree = "<group>";
		};
		7B460D5CC8C967D059130BA5 /* Products */ = {
			isa = PBXGroup;
			children = (
				49667EB294D880D48B2F794C /* EulerLiveUIExampleApp.app */,
			);
			name = Products;
			sourceTree = "<group>";
		};
		B2B0FE9C80ECFB31D9F220FE /* EulerLiveUIExampleApp */ = {
			isa = PBXGroup;
			children = (
				DAC48134FA1BA04C6D80856B /* DemoFixtures.swift */,
				651B927D9B8DAFCECEA30F92 /* EulerLiveUIExampleApp.swift */,
				16E8C696F4E6886335522601 /* RootDemoView.swift */,
			);
			path = EulerLiveUIExampleApp;
			sourceTree = "<group>";
		};
		C668F928007A3B89D31713AF = {
			isa = PBXGroup;
			children = (
				B2B0FE9C80ECFB31D9F220FE /* EulerLiveUIExampleApp */,
				5087977170ECC7E1AFD95C67 /* Packages */,
				7B460D5CC8C967D059130BA5 /* Products */,
			);
			sourceTree = "<group>";
		};
/* End PBXGroup section */

/* Begin PBXNativeTarget section */
		BC35FB6DDCA777B81C111FE5 /* EulerLiveUIExampleApp */ = {
			isa = PBXNativeTarget;
			buildConfigurationList = 20ED9B9DA15376F6BAF91827 /* Build configuration list for PBXNativeTarget "EulerLiveUIExampleApp" */;
			buildPhases = (
				D642356ACF4DAADA01D8090F /* Sources */,
				E4D755151DD5DAA9F37DD3F8 /* Frameworks */,
			);
			buildRules = (
			);
			dependencies = (
			);
			name = EulerLiveUIExampleApp;
			packageProductDependencies = (
				14454DE34C0A32B31BDAC695 /* EulerLiveUI */,
			);
			productName = EulerLiveUIExampleApp;
			productReference = 49667EB294D880D48B2F794C /* EulerLiveUIExampleApp.app */;
			productType = "com.apple.product-type.application";
		};
/* End PBXNativeTarget section */

/* Begin PBXProject section */
		DE88F505D16F6D135C90BF8D /* Project object */ = {
			isa = PBXProject;
			attributes = {
				BuildIndependentTargetsInParallel = YES;
				LastUpgradeCheck = 1430;
				TargetAttributes = {
				};
			};
			buildConfigurationList = FD0504D230557AED82B654AA /* Build configuration list for PBXProject "EulerLiveUIExampleApp" */;
			developmentRegion = en;
			hasScannedForEncodings = 0;
			knownRegions = (
				Base,
				en,
			);
			mainGroup = C668F928007A3B89D31713AF;
			minimizedProjectReferenceProxies = 1;
			packageReferences = (
				7B27222BFD352B025507AEF7 /* XCLocalSwiftPackageReference "../.." */,
			);
			preferredProjectObjectVersion = 77;
			productRefGroup = 7B460D5CC8C967D059130BA5 /* Products */;
			projectDirPath = "";
			projectRoot = "";
			targets = (
				BC35FB6DDCA777B81C111FE5 /* EulerLiveUIExampleApp */,
			);
		};
/* End PBXProject section */

/* Begin PBXSourcesBuildPhase section */
		D642356ACF4DAADA01D8090F /* Sources */ = {
			isa = PBXSourcesBuildPhase;
			buildActionMask = 2147483647;
			files = (
				A30F4C7815B5C1AE46245510 /* DemoFixtures.swift in Sources */,
				5091E1F93B320FD241845B7C /* EulerLiveUIExampleApp.swift in Sources */,
				948D7EDE4802A49F2AB283DD /* RootDemoView.swift in Sources */,
			);
			runOnlyForDeploymentPostprocessing = 0;
		};
/* End PBXSourcesBuildPhase section */

/* Begin XCBuildConfiguration section */
		1BBE80241306CA3FEC9977A2 /* Debug */ = {
			isa = XCBuildConfiguration;
			buildSettings = {
				ALWAYS_SEARCH_USER_PATHS = NO;
				CLANG_ANALYZER_NONNULL = YES;
				CLANG_ANALYZER_NUMBER_OBJECT_CONVERSION = YES_AGGRESSIVE;
				CLANG_CXX_LANGUAGE_STANDARD = "gnu++14";
				CLANG_CXX_LIBRARY = "libc++";
				CLANG_ENABLE_MODULES = YES;
				CLANG_ENABLE_OBJC_ARC = YES;
				CLANG_ENABLE_OBJC_WEAK = YES;
				CLANG_WARN_BLOCK_CAPTURE_AUTORELEASING = YES;
				CLANG_WARN_BOOL_CONVERSION = YES;
				CLANG_WARN_COMMA = YES;
				CLANG_WARN_CONSTANT_CONVERSION = YES;
				CLANG_WARN_DEPRECATED_OBJC_IMPLEMENTATIONS = YES;
				CLANG_WARN_DIRECT_OBJC_ISA_USAGE = YES_ERROR;
				CLANG_WARN_DOCUMENTATION_COMMENTS = YES;
				CLANG_WARN_EMPTY_BODY = YES;
				CLANG_WARN_ENUM_CONVERSION = YES;
				CLANG_WARN_INFINITE_RECURSION = YES;
				CLANG_WARN_INT_CONVERSION = YES;
				CLANG_WARN_NON_LITERAL_NULL_CONVERSION = YES;
				CLANG_WARN_OBJC_IMPLICIT_RETAIN_SELF = YES;
				CLANG_WARN_OBJC_LITERAL_CONVERSION = YES;
				CLANG_WARN_OBJC_ROOT_CLASS = YES_ERROR;
				CLANG_WARN_QUOTED_INCLUDE_IN_FRAMEWORK_HEADER = YES;
				CLANG_WARN_RANGE_LOOP_ANALYSIS = YES;
				CLANG_WARN_STRICT_PROTOTYPES = YES;
				CLANG_WARN_SUSPICIOUS_MOVE = YES;
				CLANG_WARN_UNGUARDED_AVAILABILITY = YES_AGGRESSIVE;
				CLANG_WARN_UNREACHABLE_CODE = YES;
				CLANG_WARN__DUPLICATE_METHOD_MATCH = YES;
				COPY_PHASE_STRIP = NO;
				DEBUG_INFORMATION_FORMAT = dwarf;
				ENABLE_STRICT_OBJC_MSGSEND = YES;
				ENABLE_TESTABILITY = YES;
				GCC_C_LANGUAGE_STANDARD = gnu11;
				GCC_DYNAMIC_NO_PIC = NO;
				GCC_NO_COMMON_BLOCKS = YES;
				GCC_OPTIMIZATION_LEVEL = 0;
				GCC_PREPROCESSOR_DEFINITIONS = (
					"$(inherited)",
					"DEBUG=1",
				);
				GCC_WARN_64_TO_32_BIT_CONVERSION = YES;
				GCC_WARN_ABOUT_RETURN_TYPE = YES_ERROR;
				GCC_WARN_UNDECLARED_SELECTOR = YES;
				GCC_WARN_UNINITIALIZED_AUTOS = YES_AGGRESSIVE;
				GCC_WARN_UNUSED_FUNCTION = YES;
				GCC_WARN_UNUSED_VARIABLE = YES;
				MACOSX_DEPLOYMENT_TARGET = 14.0;
				MTL_ENABLE_DEBUG_INFO = INCLUDE_SOURCE;
				MTL_FAST_MATH = YES;
				ONLY_ACTIVE_ARCH = YES;
				PRODUCT_NAME = "$(TARGET_NAME)";
				SDKROOT = macosx;
				SWIFT_ACTIVE_COMPILATION_CONDITIONS = DEBUG;
				SWIFT_OPTIMIZATION_LEVEL = "-Onone";
				SWIFT_VERSION = 5.0;
			};
			name = Debug;
		};
		4A5ACECA7FC56536200F9D60 /* Debug */ = {
			isa = XCBuildConfiguration;
			buildSettings = {
				ASSETCATALOG_COMPILER_APPICON_NAME = AppIcon;
				COMBINE_HIDPI_IMAGES = YES;
				GENERATE_INFOPLIST_FILE = YES;
				LD_RUNPATH_SEARCH_PATHS = (
					"$(inherited)",
					"@executable_path/../Frameworks",
				);
				MACOSX_DEPLOYMENT_TARGET = 14.0;
				PRODUCT_BUNDLE_IDENTIFIER = com.jalilk.eulerliveui.example;
				SDKROOT = macosx;
				SWIFT_VERSION = 5.1;
			};
			name = Debug;
		};
		A57CD701B3E194937ECA34A5 /* Release */ = {
			isa = XCBuildConfiguration;
			buildSettings = {
				ASSETCATALOG_COMPILER_APPICON_NAME = AppIcon;
				COMBINE_HIDPI_IMAGES = YES;
				GENERATE_INFOPLIST_FILE = YES;
				LD_RUNPATH_SEARCH_PATHS = (
					"$(inherited)",
					"@executable_path/../Frameworks",
				);
				MACOSX_DEPLOYMENT_TARGET = 14.0;
				PRODUCT_BUNDLE_IDENTIFIER = com.jalilk.eulerliveui.example;
				SDKROOT = macosx;
				SWIFT_VERSION = 5.1;
			};
			name = Release;
		};
		E1F5A62B0AA0C48334373E1E /* Release */ = {
			isa = XCBuildConfiguration;
			buildSettings = {
				ALWAYS_SEARCH_USER_PATHS = NO;
				CLANG_ANALYZER_NONNULL = YES;
				CLANG_ANALYZER_NUMBER_OBJECT_CONVERSION = YES_AGGRESSIVE;
				CLANG_CXX_LANGUAGE_STANDARD = "gnu++14";
				CLANG_CXX_LIBRARY = "libc++";
				CLANG_ENABLE_MODULES = YES;
				CLANG_ENABLE_OBJC_ARC = YES;
				CLANG_ENABLE_OBJC_WEAK = YES;
				CLANG_WARN_BLOCK_CAPTURE_AUTORELEASING = YES;
				CLANG_WARN_BOOL_CONVERSION = YES;
				CLANG_WARN_COMMA = YES;
				CLANG_WARN_CONSTANT_CONVERSION = YES;
				CLANG_WARN_DEPRECATED_OBJC_IMPLEMENTATIONS = YES;
				CLANG_WARN_DIRECT_OBJC_ISA_USAGE = YES_ERROR;
				CLANG_WARN_DOCUMENTATION_COMMENTS = YES;
				CLANG_WARN_EMPTY_BODY = YES;
				CLANG_WARN_ENUM_CONVERSION = YES;
				CLANG_WARN_INFINITE_RECURSION = YES;
				CLANG_WARN_INT_CONVERSION = YES;
				CLANG_WARN_NON_LITERAL_NULL_CONVERSION = YES;
				CLANG_WARN_OBJC_IMPLICIT_RETAIN_SELF = YES;
				CLANG_WARN_OBJC_LITERAL_CONVERSION = YES;
				CLANG_WARN_OBJC_ROOT_CLASS = YES_ERROR;
				CLANG_WARN_QUOTED_INCLUDE_IN_FRAMEWORK_HEADER = YES;
				CLANG_WARN_RANGE_LOOP_ANALYSIS = YES;
				CLANG_WARN_STRICT_PROTOTYPES = YES;
				CLANG_WARN_SUSPICIOUS_MOVE = YES;
				CLANG_WARN_UNGUARDED_AVAILABILITY = YES_AGGRESSIVE;
				CLANG_WARN_UNREACHABLE_CODE = YES;
				CLANG_WARN__DUPLICATE_METHOD_MATCH = YES;
				COPY_PHASE_STRIP = NO;
				DEBUG_INFORMATION_FORMAT = "dwarf-with-dsym";
				ENABLE_NS_ASSERTIONS = NO;
				ENABLE_STRICT_OBJC_MSGSEND = YES;
				GCC_C_LANGUAGE_STANDARD = gnu11;
				GCC_NO_COMMON_BLOCKS = YES;
				GCC_WARN_64_TO_32_BIT_CONVERSION = YES;
				GCC_WARN_ABOUT_RETURN_TYPE = YES_ERROR;
				GCC_WARN_UNDECLARED_SELECTOR = YES;
				GCC_WARN_UNINITIALIZED_AUTOS = YES_AGGRESSIVE;
				GCC_WARN_UNUSED_FUNCTION = YES;
				GCC_WARN_UNUSED_VARIABLE = YES;
				MACOSX_DEPLOYMENT_TARGET = 14.0;
				MTL_ENABLE_DEBUG_INFO = NO;
				MTL_FAST_MATH = YES;
				PRODUCT_NAME = "$(TARGET_NAME)";
				SDKROOT = macosx;
				SWIFT_COMPILATION_MODE = wholemodule;
				SWIFT_OPTIMIZATION_LEVEL = "-O";
				SWIFT_VERSION = 5.0;
			};
			name = Release;
		};
/* End XCBuildConfiguration section */

/* Begin XCConfigurationList section */
		20ED9B9DA15376F6BAF91827 /* Build configuration list for PBXNativeTarget "EulerLiveUIExampleApp" */ = {
			isa = XCConfigurationList;
			buildConfigurations = (
				4A5ACECA7FC56536200F9D60 /* Debug */,
				A57CD701B3E194937ECA34A5 /* Release */,
			);
			defaultConfigurationIsVisible = 0;
			defaultConfigurationName = Debug;
		};
		FD0504D230557AED82B654AA /* Build configuration list for PBXProject "EulerLiveUIExampleApp" */ = {
			isa = XCConfigurationList;
			buildConfigurations = (
				1BBE80241306CA3FEC9977A2 /* Debug */,
				E1F5A62B0AA0C48334373E1E /* Release */,
			);
			defaultConfigurationIsVisible = 0;
			defaultConfigurationName = Debug;
		};
/* End XCConfigurationList section */

/* Begin XCLocalSwiftPackageReference section */
		7B27222BFD352B025507AEF7 /* XCLocalSwiftPackageReference "../.." */ = {
			isa = XCLocalSwiftPackageReference;
			relativePath = ../..;
		};
/* End XCLocalSwiftPackageReference section */

/* Begin XCSwiftPackageProductDependency section */
		14454DE34C0A32B31BDAC695 /* EulerLiveUI */ = {
			isa = XCSwiftPackageProductDependency;
			productName = EulerLiveUI;
		};
/* End XCSwiftPackageProductDependency section */
	};
	rootObject = DE88F505D16F6D135C90BF8D /* Project object */;
}
